
Microsoft Visual Studio Solution File, Format Version 12.00
# Visual Studio Version 17
VisualStudioVersion = 17.0.31903.59
MinimumVisualStudioVersion = 10.0.40219.1
Project("{2150E333-8FDC-42A3-9474-1A3956D46DE8}") = "apps", "apps", "{E0D5B1D4-0AA0-4B29-A8BE-0864C66AE7B4}"
EndProject
Project("{2150E333-8FDC-42A3-9474-1A3956D46DE8}") = "packages", "packages", "{90A86A47-23A4-4C61-8A61-12DCB9755D90}"
EndProject
Project("{2150E333-8FDC-42A3-9474-1A3956D46DE8}") = "docs", "docs", "{71297702-A9F7-4DED-8744-7D4B689A2486}"
EndProject
Project("{2150E333-8FDC-42A3-9474-1A3956D46DE8}") = "skills", "skills", "{888EF8FD-EFB5-4E1A-B588-90D017A9E764}"
EndProject
Project("{2150E333-8FDC-42A3-9474-1A3956D46DE8}") = "tests", "tests", "{E05A5A1A-8AB5-45B7-B2AF-C6154AF62BE4}"
EndProject
Project("{2150E333-8FDC-42A3-9474-1A3956D46DE8}") = "scripts", "scripts", "{B4ECE636-B5B4-48A2-B880-1496A7736106}"
EndProject
Project("{2150E333-8FDC-42A3-9474-1A3956D46DE8}") = ".githooks", ".githooks", "{10D65398-3E99-446E-BD73-0D97A471A6CB}"
EndProject
Global
	GlobalSection(SolutionConfigurationPlatforms) = preSolution
		Debug|Any CPU = Debug|Any CPU
		Release|Any CPU = Release|Any CPU
	EndGlobalSection
	GlobalSection(SolutionProperties) = preSolution
		HideSolutionNode = FALSE
	EndGlobalSection
EndGlobal
